
Microsoft Visual Studio Solution File, Format Version 12.00
# Visual Studio Version 17
VisualStudioVersion = 17.2.32616.157
MinimumVisualStudioVersion = 10.0.40219.1
Project("{FAE04EC0-301F-11D3-BF4B-00C04F79EFBC}") = "sqlserver-tut", "sqlserver-tut\sqlserver-tut.csproj", "{F123A6A2-BF24-4554-B310-2849EE8BBB31}"
EndProject
Global
	GlobalSection(SolutionConfigurationPlatforms) = preSolution
		Debug|Any CPU = Debug|Any CPU
		Release|Any CPU = Release|Any CPU
	EndGlobalSection
	GlobalSection(ProjectConfigurationPlatforms) = postSolution
		{F123A6A2-BF24-4554-B310-2849EE8BBB31}.Debug|Any CPU.ActiveCfg = Debug|Any CPU
		{F123A6A2-BF24-4554-B310-2849EE8BBB31}.Debug|Any CPU.Build.0 = Debug|Any CPU
		{F123A6A2-BF24-4554-B310-2849EE8BBB31}.Release|Any CPU.ActiveCfg = Release|Any CPU
		{F123A6A2-BF24-4554-B310-2849EE8BBB31}.Release|Any CPU.Build.0 = Release|Any CPU
	EndGlobalSection
	GlobalSection(SolutionProperties) = preSolution
		HideSolutionNode = FALSE
	EndGlobalSection
	GlobalSection(ExtensibilityGlobals) = postSolution
		SolutionGuid = {DFFC1B5F-C415-4E85-93E0-886F2B397A70}
	EndGlobalSection
EndGlobal
